
Microsoft Visual Studio Solution File, Format Version 12.00
# Visual Studio Version 17
VisualStudioVersion = 17.4.33205.214
MinimumVisualStudioVersion = 10.0.40219.1
Project("{9A19103F-16F7-4668-BE54-9A1E7A4F7556}") = "01Loops", "01Loops\01Loops.csproj", "{80CB9638-FB59-4C07-ACA9-5E6D277A6F6D}"
EndProject
Project("{9A19103F-16F7-4668-BE54-9A1E7A4F7556}") = "02ClassIntro", "02ClassIntro\02ClassIntro.csproj", "{9D9D54DC-4D14-4F9A-9FBE-F8CE5E9651D7}"
EndProject
Project("{9A19103F-16F7-4668-BE54-9A1E7A4F7556}") = "03Methods", "03Methods\03Methods.csproj", "{C6D5C9BC-5A1F-4784-8EE9-A2EF0FB21494}"
EndProject
Project("{9A19103F-16F7-4668-BE54-9A1E7A4F7556}") = "04ValueAndReferenceTypes", "04ValueAndReferenceTypes\04ValueAndReferenceTypes.csproj", "{4D887D59-9CA3-4F29-9FFF-DA8B58E918B7}"
EndProject
Project("{9A19103F-16F7-4668-BE54-9A1E7A4F7556}") = "00KampIntro", "00KampIntro\00KampIntro.csproj", "{0FC54835-B11C-491E-AF61-E484394A198B}"
EndProject
Global
	GlobalSection(SolutionConfigurationPlatforms) = preSolution
		Debug|Any CPU = Debug|Any CPU
		Release|Any CPU = Release|Any CPU
	EndGlobalSection
	GlobalSection(ProjectConfigurationPlatforms) = postSolution
		{80CB9638-FB59-4C07-ACA9-5E6D277A6F6D}.Debug|Any CPU.ActiveCfg = Debug|Any CPU
		{80CB9638-FB59-4C07-ACA9-5E6D277A6F6D}.Debug|Any CPU.Build.0 = Debug|Any CPU
		{80CB9638-FB59-4C07-ACA9-5E6D277A6F6D}.Release|Any CPU.ActiveCfg = Release|Any CPU
		{80CB9638-FB59-4C07-ACA9-5E6D277A6F6D}.Release|Any CPU.Build.0 = Release|Any CPU
		{9D9D54DC-4D14-4F9A-9FBE-F8CE5E9651D7}.Debug|Any CPU.ActiveCfg = Debug|Any CPU
		{9D9D54DC-4D14-4F9A-9FBE-F8CE5E9651D7}.Debug|Any CPU.Build.0 = Debug|Any CPU
		{9D9D54DC-4D14-4F9A-9FBE-F8CE5E9651D7}.Release|Any CPU.ActiveCfg = Release|Any CPU
		{9D9D54DC-4D14-4F9A-9FBE-F8CE5E9651D7}.Release|Any CPU.Build.0 = Release|Any CPU
		{C6D5C9BC-5A1F-4784-8EE9-A2EF0FB21494}.Debug|Any CPU.ActiveCfg = Debug|Any CPU
		{C6D5C9BC-5A1F-4784-8EE9-A2EF0FB21494}.Debug|Any CPU.Build.0 = Debug|Any CPU
		{C6D5C9BC-5A1F-4784-8EE9-A2EF0FB21494}.Release|Any CPU.ActiveCfg = Release|Any CPU
		{C6D5C9BC-5A1F-4784-8EE9-A2EF0FB21494}.Release|Any CPU.Build.0 = Release|Any CPU
		{4D887D59-9CA3-4F29-9FFF-DA8B58E918B7}.Debug|Any CPU.ActiveCfg = Debug|Any CPU
		{4D887D59-9CA3-4F29-9FFF-DA8B58E918B7}.Debug|Any CPU.Build.0 = Debug|Any CPU
		{4D887D59-9CA3-4F29-9FFF-DA8B58E918B7}.Release|Any CPU.ActiveCfg = Release|Any CPU
		{4D887D59-9CA3-4F29-9FFF-DA8B58E918B7}.Release|Any CPU.Build.0 = Release|Any CPU
		{0FC54835-B11C-491E-AF61-E484394A198B}.Debug|Any CPU.ActiveCfg = Debug|Any CPU
		{0FC54835-B11C-491E-AF61-E484394A198B}.Debug|Any CPU.Build.0 = Debug|Any CPU
		{0FC54835-B11C-491E-AF61-E484394A198B}.Release|Any CPU.ActiveCfg = Release|Any CPU
		{0FC54835-B11C-491E-AF61-E484394A198B}.Release|Any CPU.Build.0 = Release|Any CPU
	EndGlobalSection
	GlobalSection(SolutionProperties) = preSolution
		HideSolutionNode = FALSE
	EndGlobalSection
	GlobalSection(ExtensibilityGlobals) = postSolution
		SolutionGuid = {1B97E361-2503-419D-8185-1B2BE7EB9B61}
	EndGlobalSection
EndGlobal
